
Microsoft Visual Studio Solution File, Format Version 12.00
# Visual Studio 15
VisualStudioVersion = 15.0.28307.421
MinimumVisualStudioVersion = 10.0.40219.1
Project("{FAE04EC0-301F-11D3-BF4B-00C04F79EFBC}") = "ElectionWinnersMethod", "ElectionWinnersMethod\ElectionWinnersMethod.csproj", "{06BBEE0A-DEF6-42B0-B0A5-866AC9407D19}"
EndProject
Global
	GlobalSection(SolutionConfigurationPlatforms) = preSolution
		Debug|Any CPU = Debug|Any CPU
		Release|Any CPU = Release|Any CPU
	EndGlobalSection
	GlobalSection(ProjectConfigurationPlatforms) = postSolution
		{06BBEE0A-DEF6-42B0-B0A5-866AC9407D19}.Debug|Any CPU.ActiveCfg = Debug|Any CPU
		{06BBEE0A-DEF6-42B0-B0A5-866AC9407D19}.Debug|Any CPU.Build.0 = Debug|Any CPU
		{06BBEE0A-DEF6-42B0-B0A5-866AC9407D19}.Release|Any CPU.ActiveCfg = Release|Any CPU
		{06BBEE0A-DEF6-42B0-B0A5-866AC9407D19}.Release|Any CPU.Build.0 = Release|Any CPU
	EndGlobalSection
	GlobalSection(SolutionProperties) = preSolution
		HideSolutionNode = FALSE
	EndGlobalSection
	GlobalSection(ExtensibilityGlobals) = postSolution
		SolutionGuid = {6402975C-5C21-4C16-9B52-351B7ECFD1E8}
	EndGlobalSection
EndGlobal
