
Microsoft Visual Studio Solution File, Format Version 12.00
# Visual Studio 15
VisualStudioVersion = 15.0.28307.421
MinimumVisualStudioVersion = 10.0.40219.1
Project("{FAE04EC0-301F-11D3-BF4B-00C04F79EFBC}") = "IsMacAddress", "IsMacAddress\IsMacAddress.csproj", "{187EC3D2-84E4-4C96-9320-EFE2C0DD466E}"
EndProject
Global
	GlobalSection(SolutionConfigurationPlatforms) = preSolution
		Debug|Any CPU = Debug|Any CPU
		Release|Any CPU = Release|Any CPU
	EndGlobalSection
	GlobalSection(ProjectConfigurationPlatforms) = postSolution
		{187EC3D2-84E4-4C96-9320-EFE2C0DD466E}.Debug|Any CPU.ActiveCfg = Debug|Any CPU
		{187EC3D2-84E4-4C96-9320-EFE2C0DD466E}.Debug|Any CPU.Build.0 = Debug|Any CPU
		{187EC3D2-84E4-4C96-9320-EFE2C0DD466E}.Release|Any CPU.ActiveCfg = Release|Any CPU
		{187EC3D2-84E4-4C96-9320-EFE2C0DD466E}.Release|Any CPU.Build.0 = Release|Any CPU
	EndGlobalSection
	GlobalSection(SolutionProperties) = preSolution
		HideSolutionNode = FALSE
	EndGlobalSection
	GlobalSection(ExtensibilityGlobals) = postSolution
		SolutionGuid = {009FC4F8-BE1E-42E0-8049-6F34AD525784}
	EndGlobalSection
EndGlobal
