
Microsoft Visual Studio Solution File, Format Version 12.00
# Visual Studio 15
VisualStudioVersion = 15.0.27428.2043
MinimumVisualStudioVersion = 10.0.40219.1
Project("{FAE04EC0-301F-11D3-BF4B-00C04F79EFBC}") = "Plant_Growth", "Plant_Growth\Plant_Growth.csproj", "{451BA4A8-2C03-461A-8FCF-E70D1E3D539B}"
EndProject
Global
	GlobalSection(SolutionConfigurationPlatforms) = preSolution
		Debug|Any CPU = Debug|Any CPU
		Release|Any CPU = Release|Any CPU
	EndGlobalSection
	GlobalSection(ProjectConfigurationPlatforms) = postSolution
		{451BA4A8-2C03-461A-8FCF-E70D1E3D539B}.Debug|Any CPU.ActiveCfg = Debug|Any CPU
		{451BA4A8-2C03-461A-8FCF-E70D1E3D539B}.Debug|Any CPU.Build.0 = Debug|Any CPU
		{451BA4A8-2C03-461A-8FCF-E70D1E3D539B}.Release|Any CPU.ActiveCfg = Release|Any CPU
		{451BA4A8-2C03-461A-8FCF-E70D1E3D539B}.Release|Any CPU.Build.0 = Release|Any CPU
	EndGlobalSection
	GlobalSection(SolutionProperties) = preSolution
		HideSolutionNode = FALSE
	EndGlobalSection
	GlobalSection(ExtensibilityGlobals) = postSolution
		SolutionGuid = {AA068A18-B955-4022-A5DA-D531F38B9ABF}
	EndGlobalSection
EndGlobal
